
Microsoft Visual Studio Solution File, Format Version 12.00
# Visual Studio Version 17
VisualStudioVersion = 17.7.34009.444
MinimumVisualStudioVersion = 10.0.40219.1
Project("{FAE04EC0-301F-11D3-BF4B-00C04F79EFBC}") = "C# Learning", "C# Learning.csproj", "{A356B2B5-F9F6-4192-AE85-3F1FB571B3E5}"
EndProject
Project("{FAE04EC0-301F-11D3-BF4B-00C04F79EFBC}") = "Calculator", "..\Calculator\Calculator.csproj", "{86DEE5D4-28C8-4C49-904E-F6DDAE911CD8}"
EndProject
Project("{FAE04EC0-301F-11D3-BF4B-00C04F79EFBC}") = "Todo Application", "..\Todo Application\Todo Application.csproj", "{964AC5D0-3B7C-464E-B4BE-2BA0FDE7AE6E}"
EndProject
Global
	GlobalSection(SolutionConfigurationPlatforms) = preSolution
		Debug|Any CPU = Debug|Any CPU
		Release|Any CPU = Release|Any CPU
	EndGlobalSection
	GlobalSection(ProjectConfigurationPlatforms) = postSolution
		{A356B2B5-F9F6-4192-AE85-3F1FB571B3E5}.Debug|Any CPU.ActiveCfg = Debug|Any CPU
		{A356B2B5-F9F6-4192-AE85-3F1FB571B3E5}.Debug|Any CPU.Build.0 = Debug|Any CPU
		{A356B2B5-F9F6-4192-AE85-3F1FB571B3E5}.Release|Any CPU.ActiveCfg = Release|Any CPU
		{A356B2B5-F9F6-4192-AE85-3F1FB571B3E5}.Release|Any CPU.Build.0 = Release|Any CPU
		{86DEE5D4-28C8-4C49-904E-F6DDAE911CD8}.Debug|Any CPU.ActiveCfg = Debug|Any CPU
		{86DEE5D4-28C8-4C49-904E-F6DDAE911CD8}.Debug|Any CPU.Build.0 = Debug|Any CPU
		{86DEE5D4-28C8-4C49-904E-F6DDAE911CD8}.Release|Any CPU.ActiveCfg = Release|Any CPU
		{86DEE5D4-28C8-4C49-904E-F6DDAE911CD8}.Release|Any CPU.Build.0 = Release|Any CPU
		{964AC5D0-3B7C-464E-B4BE-2BA0FDE7AE6E}.Debug|Any CPU.ActiveCfg = Debug|Any CPU
		{964AC5D0-3B7C-464E-B4BE-2BA0FDE7AE6E}.Debug|Any CPU.Build.0 = Debug|Any CPU
		{964AC5D0-3B7C-464E-B4BE-2BA0FDE7AE6E}.Release|Any CPU.ActiveCfg = Release|Any CPU
		{964AC5D0-3B7C-464E-B4BE-2BA0FDE7AE6E}.Release|Any CPU.Build.0 = Release|Any CPU
	EndGlobalSection
	GlobalSection(SolutionProperties) = preSolution
		HideSolutionNode = FALSE
	EndGlobalSection
	GlobalSection(ExtensibilityGlobals) = postSolution
		SolutionGuid = {D856102C-C206-4F38-AE3B-B0925A154788}
	EndGlobalSection
EndGlobal
